
Microsoft Visual Studio Solution File, Format Version 12.00
# Visual Studio Version 17
VisualStudioVersion = 17.9.34728.123
MinimumVisualStudioVersion = 10.0.40219.1
Project("{FAE04EC0-301F-11D3-BF4B-00C04F79EFBC}") = "trotracing", "trotracing.csproj", "{C56148CC-C1AA-431D-925C-5496F8E3D188}"
EndProject
Global
	GlobalSection(SolutionConfigurationPlatforms) = preSolution
		Debug|Any CPU = Debug|Any CPU
		Release|Any CPU = Release|Any CPU
	EndGlobalSection
	GlobalSection(ProjectConfigurationPlatforms) = postSolution
		{C56148CC-C1AA-431D-925C-5496F8E3D188}.Debug|Any CPU.ActiveCfg = Debug|Any CPU
		{C56148CC-C1AA-431D-925C-5496F8E3D188}.Debug|Any CPU.Build.0 = Debug|Any CPU
		{C56148CC-C1AA-431D-925C-5496F8E3D188}.Release|Any CPU.ActiveCfg = Release|Any CPU
		{C56148CC-C1AA-431D-925C-5496F8E3D188}.Release|Any CPU.Build.0 = Release|Any CPU
	EndGlobalSection
	GlobalSection(SolutionProperties) = preSolution
		HideSolutionNode = FALSE
	EndGlobalSection
	GlobalSection(ExtensibilityGlobals) = postSolution
		SolutionGuid = {8846C414-8FB0-463D-A1D3-20502B52B6DC}
	EndGlobalSection
EndGlobal
